{
  "requires": true,
  "lockfileVersion": 1,
  "dependencies": {
    "material": {
      "version": "0.3.5",
      "resolved": "https://registry.npmjs.org/material/-/material-0.3.5.tgz",
      "integrity": "sha512-jOfC0l4QYkHOlfb6adpn6loLZWpXX1Yl4zBMGVdGPwgA64GTsAfnWOTAwAiwrkkkeSAGXmO9v8t8tytbSnFC5A=="
    }
  }
}
